
Microsoft Visual Studio Solution File, Format Version 12.00
# Visual Studio 15
VisualStudioVersion = 15.0.27004.2009
MinimumVisualStudioVersion = 10.0.40219.1
Project("{8BC9CEB8-8B4A-11D0-8D11-00A0C91BC942}") = "学生成绩", "VS2017\学生成绩\学生成绩.vcxproj", "{651574FE-AFDC-47BC-A2E6-7DB09991B4F0}"
EndProject
Project("{8BC9CEB8-8B4A-11D0-8D11-00A0C91BC942}") = "棋盘相关", "VS2017\棋盘相关\棋盘相关.vcxproj", "{87ABA631-46B2-4143-9808-7E6F62AD2E47}"
EndProject
Project("{8BC9CEB8-8B4A-11D0-8D11-00A0C91BC942}") = "简单链表操作", "VS2017\简单链表操作\简单链表操作.vcxproj", "{F3EC802A-4D87-42BC-9436-82AB33A2111C}"
EndProject
Project("{8BC9CEB8-8B4A-11D0-8D11-00A0C91BC942}") = "作用域相关", "VS2017\作用域相关\作用域相关.vcxproj", "{F858FE3B-ACE6-45CE-96D7-B614B980653B}"
EndProject
Project("{8BC9CEB8-8B4A-11D0-8D11-00A0C91BC942}") = "CPP代码题", "VS2017\CPP代码题\CPP代码题.vcxproj", "{89203B49-6F77-4860-9384-0B00BB833175}"
EndProject
Project("{8BC9CEB8-8B4A-11D0-8D11-00A0C91BC942}") = "MFCShutDown", "VS2017\MFCShutDown\MFCShutDown.vcxproj", "{7E37D649-4655-49C9-9B73-C86E288862A4}"
EndProject
Project("{8BC9CEB8-8B4A-11D0-8D11-00A0C91BC942}") = "CPPProject", "VS2017\CPPProject\CPPProject.vcxproj", "{872C7500-276A-448D-868B-E83550A7D507}"
EndProject
Project("{8BC9CEB8-8B4A-11D0-8D11-00A0C91BC942}") = "ExamDemo", "VS2017\ExamDemo\ExamDemo.vcxproj", "{F2DBCB6C-4008-4A54-BC06-0B4A8BB8B0CB}"
EndProject
Project("{8BC9CEB8-8B4A-11D0-8D11-00A0C91BC942}") = "CLinkNode", "VS2017\CLinkNode\CLinkNode.vcxproj", "{DC027DD8-7092-4042-A5C7-AF8D0292B4DD}"
EndProject
Project("{8BC9CEB8-8B4A-11D0-8D11-00A0C91BC942}") = "CPoint", "VS2017\CPoint\CPoint.vcxproj", "{D50C4B49-47EE-4EFC-B9F7-184768351BA4}"
EndProject
Project("{8BC9CEB8-8B4A-11D0-8D11-00A0C91BC942}") = "Win32Capture", "VS2017\Win32Capture\Win32Capture.vcxproj", "{272028E2-95A8-4116-8933-ED032C4E9BDD}"
EndProject
Project("{8BC9CEB8-8B4A-11D0-8D11-00A0C91BC942}") = "winSelectClient", "VS2017\winSelectClient\winSelectClient.vcxproj", "{3816D357-EF4E-4E10-AD7E-E763F5309EB7}"
EndProject
Project("{8BC9CEB8-8B4A-11D0-8D11-00A0C91BC942}") = "winSelectServer", "VS2017\winSelectServer\winSelectServer.vcxproj", "{F804E8B4-7078-4409-8292-8EB3C84F7ABC}"
EndProject
Project("{8BC9CEB8-8B4A-11D0-8D11-00A0C91BC942}") = "MyString01", "VS2017\MyString01\MyString01.vcxproj", "{6B0C40B4-506B-4534-AEB3-DE87220124AC}"
EndProject
Project("{8BC9CEB8-8B4A-11D0-8D11-00A0C91BC942}") = "MyString02", "VS2017\MyString02\MyString02.vcxproj", "{0D3534F0-E6EA-4AE3-8479-E1482A60D3FD}"
EndProject
Project("{8BC9CEB8-8B4A-11D0-8D11-00A0C91BC942}") = "CPP11", "VS2017\CPP11\CPP11.vcxproj", "{164A5E27-8439-4425-853C-FB5C9A3982FE}"
EndProject
Project("{8BC9CEB8-8B4A-11D0-8D11-00A0C91BC942}") = "boost_mutex_atomic", "VS2017\boost_mutex_atomic\boost_mutex_atomic.vcxproj", "{73825865-8DD7-43FB-8658-FD77BEB851B5}"
EndProject
Project("{2150E333-8FDC-42A3-9474-1A3956D46DE8}") = "单例模式", "单例模式", "{5AA8B2E8-AEBB-4AD4-B639-8F38991DF078}"
EndProject
Project("{8BC9CEB8-8B4A-11D0-8D11-00A0C91BC942}") = "01_基本单列", "VS2017\01_基本单列\01_基本单列.vcxproj", "{2B368F96-283D-4F1D-9B7A-79DED167A60E}"
EndProject
Project("{2150E333-8FDC-42A3-9474-1A3956D46DE8}") = "线程同步", "线程同步", "{15BF8F42-DFE6-4DDD-8655-D81E9DF918B4}"
EndProject
Project("{8BC9CEB8-8B4A-11D0-8D11-00A0C91BC942}") = "CProject", "VS2017\CProject\CProject.vcxproj", "{70DDF205-1E6A-439D-9F12-97A589199413}"
EndProject
Project("{8BC9CEB8-8B4A-11D0-8D11-00A0C91BC942}") = "CFProject", "VS2017\CFProject\CFProject.vcxproj", "{A1731680-700C-4329-99E2-7DC98E6F9A74}"
EndProject
Project("{8BC9CEB8-8B4A-11D0-8D11-00A0C91BC942}") = "CPP_initializer_list", "VS2017\CPP_initializer_list\CPP_initializer_list.vcxproj", "{56BB4C52-D87D-4D1E-9231-6525D9348F22}"
EndProject
Project("{8BC9CEB8-8B4A-11D0-8D11-00A0C91BC942}") = "StackQueen1", "VS2017\StackQueen1\StackQueen1.vcxproj", "{77B03823-229D-40A5-9A0B-6DB57FD2E2AD}"
EndProject
Project("{8BC9CEB8-8B4A-11D0-8D11-00A0C91BC942}") = "StackQueen2", "VS2017\StackQueen2\StackQueen2.vcxproj", "{E9CD98F4-E610-40CF-9AB8-5C8EE3A6DF81}"
EndProject
Project("{8BC9CEB8-8B4A-11D0-8D11-00A0C91BC942}") = "StackQueen3", "VS2017\StackQueen3\StackQueen3.vcxproj", "{9613BB98-AED7-4180-ACF4-2916ECE929CE}"
EndProject
Project("{8BC9CEB8-8B4A-11D0-8D11-00A0C91BC942}") = "03线程同步互斥量", "VS2017\线程同步\03线程同步互斥量\03线程同步互斥量.vcxproj", "{BFE2041A-CF7F-4167-931B-67BA42CF51C0}"
EndProject
Project("{8BC9CEB8-8B4A-11D0-8D11-00A0C91BC942}") = "01线程基础", "VS2017\线程同步\01线程基础\01线程基础.vcxproj", "{36B8A53A-6795-4368-B0F8-E8F3E5FBF5FB}"
EndProject
Project("{8BC9CEB8-8B4A-11D0-8D11-00A0C91BC942}") = "02线程锁", "VS2017\线程同步\02线程锁\02线程锁.vcxproj", "{BBF415B9-C5F1-4BB2-8A2F-6C058F6AD0E7}"
EndProject
Project("{2150E333-8FDC-42A3-9474-1A3956D46DE8}") = "网络通信", "网络通信", "{6966CB8E-CD86-4C3C-A99D-E2C26B531D32}"
EndProject
Project("{8BC9CEB8-8B4A-11D0-8D11-00A0C91BC942}") = "WinsockServer", "VS2017\网络通信\WinsockServer\WinsockServer.vcxproj", "{153C0DDE-FE1F-4EB2-B3FE-1783CDF34CE6}"
EndProject
Project("{8BC9CEB8-8B4A-11D0-8D11-00A0C91BC942}") = "WinsockClient", "VS2017\网络通信\WinsockClient\WinsockClient.vcxproj", "{C4651511-F20D-4F59-8600-10C119C42564}"
EndProject
Project("{2150E333-8FDC-42A3-9474-1A3956D46DE8}") = "SecureSocket", "SecureSocket", "{75554A62-7854-46CB-A89D-E4216BC4854D}"
EndProject
Project("{8BC9CEB8-8B4A-11D0-8D11-00A0C91BC942}") = "stcpserver", "VS2017\网络通信\SecureSocket\stcpserver\stcpserver.vcxproj", "{CBFDA311-1D60-45B7-91A2-489B2D31CAC4}"
EndProject
Project("{8BC9CEB8-8B4A-11D0-8D11-00A0C91BC942}") = "stcpclient", "VS2017\网络通信\SecureSocket\stcpclient\stcpclient.vcxproj", "{A794C01C-44F1-4186-A76D-7AC081CA0120}"
EndProject
Project("{8BC9CEB8-8B4A-11D0-8D11-00A0C91BC942}") = "stcpcommon", "VS2017\网络通信\SecureSocket\stcpcommon\stcpcommon.vcxproj", "{FBB94DF5-F81F-4070-99FF-4A9147AFE14F}"
EndProject
Project("{8BC9CEB8-8B4A-11D0-8D11-00A0C91BC942}") = "04原子操作", "VS2017\线程同步\04原子操作\04原子操作.vcxproj", "{B958CA84-EADA-4A19-A850-A6EEE9B5B842}"
EndProject
Project("{8BC9CEB8-8B4A-11D0-8D11-00A0C91BC942}") = "05Adopt_lock", "VS2017\线程同步\05Adopt_lock\05Adopt_lock.vcxproj", "{E3F130CA-34B9-4452-BD94-B4B456CB219D}"
EndProject
Project("{2150E333-8FDC-42A3-9474-1A3956D46DE8}") = "设计模式", "设计模式", "{41569D81-EADA-42C4-9548-223F0FB395AA}"
EndProject
Project("{8BC9CEB8-8B4A-11D0-8D11-00A0C91BC942}") = "01_简单工厂", "VS2017\设计模式\01_简单工厂\SimpleFactory.vcxproj", "{6A0BEC93-7C7D-4000-8EC8-44E51190A59A}"
EndProject
Project("{8BC9CEB8-8B4A-11D0-8D11-00A0C91BC942}") = "02_工厂方法", "VS2017\设计模式\02_工厂方法\02_FactoryMethod.vcxproj", "{D0B6B582-5956-4E57-BD1B-7E8EDD4D47F8}"
EndProject
Project("{8BC9CEB8-8B4A-11D0-8D11-00A0C91BC942}") = "03_抽象工厂", "VS2017\设计模式\03_抽象工厂\AbsFac.vcxproj", "{1C01809A-A969-433A-BD93-CB330496311B}"
EndProject
Project("{8BC9CEB8-8B4A-11D0-8D11-00A0C91BC942}") = "04_代理模式", "VS2017\设计模式\04_代理模式\04_代理模式.vcxproj", "{A1BD9B45-0864-4497-B8E8-163F711031EB}"
EndProject
Project("{8BC9CEB8-8B4A-11D0-8D11-00A0C91BC942}") = "05_建造者模式", "VS2017\设计模式\05_建造者模式\05_建造者模式.vcxproj", "{D2013AAB-8279-49D2-902C-75E5703DFD93}"
EndProject
Project("{8BC9CEB8-8B4A-11D0-8D11-00A0C91BC942}") = "00_基本单列", "VS2017\设计模式\00_基本单列\00_基本单列.vcxproj", "{611396E8-8104-4783-B658-EA6B7CF38780}"
EndProject
Project("{8BC9CEB8-8B4A-11D0-8D11-00A0C91BC942}") = "CLR多线程", "VS2017\CLR多线程\CLR多线程.vcxproj", "{C99DF933-3050-4670-AA87-5819142B98EE}"
EndProject
Global
	GlobalSection(SolutionConfigurationPlatforms) = preSolution
		Debug|Any CPU = Debug|Any CPU
		Debug|ARM = Debug|ARM
		Debug|x64 = Debug|x64
		Debug|x86 = Debug|x86
		Release|Any CPU = Release|Any CPU
		Release|ARM = Release|ARM
		Release|x64 = Release|x64
		Release|x86 = Release|x86
	EndGlobalSection
	GlobalSection(ProjectConfigurationPlatforms) = postSolution
		{651574FE-AFDC-47BC-A2E6-7DB09991B4F0}.Debug|Any CPU.ActiveCfg = Debug|Win32
		{651574FE-AFDC-47BC-A2E6-7DB09991B4F0}.Debug|Any CPU.Build.0 = Debug|Win32
		{651574FE-AFDC-47BC-A2E6-7DB09991B4F0}.Debug|ARM.ActiveCfg = Debug|ARM
		{651574FE-AFDC-47BC-A2E6-7DB09991B4F0}.Debug|ARM.Build.0 = Debug|ARM
		{651574FE-AFDC-47BC-A2E6-7DB09991B4F0}.Debug|x64.ActiveCfg = Debug|x64
		{651574FE-AFDC-47BC-A2E6-7DB09991B4F0}.Debug|x64.Build.0 = Debug|x64
		{651574FE-AFDC-47BC-A2E6-7DB09991B4F0}.Debug|x86.ActiveCfg = Debug|Win32
		{651574FE-AFDC-47BC-A2E6-7DB09991B4F0}.Debug|x86.Build.0 = Debug|Win32
		{651574FE-AFDC-47BC-A2E6-7DB09991B4F0}.Release|Any CPU.ActiveCfg = Release|Win32
		{651574FE-AFDC-47BC-A2E6-7DB09991B4F0}.Release|ARM.ActiveCfg = Release|ARM
		{651574FE-AFDC-47BC-A2E6-7DB09991B4F0}.Release|ARM.Build.0 = Release|ARM
		{651574FE-AFDC-47BC-A2E6-7DB09991B4F0}.Release|x64.ActiveCfg = Release|x64
		{651574FE-AFDC-47BC-A2E6-7DB09991B4F0}.Release|x64.Build.0 = Release|x64
		{651574FE-AFDC-47BC-A2E6-7DB09991B4F0}.Release|x86.ActiveCfg = Release|Win32
		{651574FE-AFDC-47BC-A2E6-7DB09991B4F0}.Release|x86.Build.0 = Release|Win32
		{87ABA631-46B2-4143-9808-7E6F62AD2E47}.Debug|Any CPU.ActiveCfg = Debug|Win32
		{87ABA631-46B2-4143-9808-7E6F62AD2E47}.Debug|Any CPU.Build.0 = Debug|Win32
		{87ABA631-46B2-4143-9808-7E6F62AD2E47}.Debug|ARM.ActiveCfg = Debug|ARM
		{87ABA631-46B2-4143-9808-7E6F62AD2E47}.Debug|ARM.Build.0 = Debug|ARM
		{87ABA631-46B2-4143-9808-7E6F62AD2E47}.Debug|x64.ActiveCfg = Debug|x64
		{87ABA631-46B2-4143-9808-7E6F62AD2E47}.Debug|x64.Build.0 = Debug|x64
		{87ABA631-46B2-4143-9808-7E6F62AD2E47}.Debug|x86.ActiveCfg = Debug|Win32
		{87ABA631-46B2-4143-9808-7E6F62AD2E47}.Debug|x86.Build.0 = Debug|Win32
		{87ABA631-46B2-4143-9808-7E6F62AD2E47}.Release|Any CPU.ActiveCfg = Release|Win32
		{87ABA631-46B2-4143-9808-7E6F62AD2E47}.Release|ARM.ActiveCfg = Release|ARM
		{87ABA631-46B2-4143-9808-7E6F62AD2E47}.Release|ARM.Build.0 = Release|ARM
		{87ABA631-46B2-4143-9808-7E6F62AD2E47}.Release|x64.ActiveCfg = Release|x64
		{87ABA631-46B2-4143-9808-7E6F62AD2E47}.Release|x64.Build.0 = Release|x64
		{87ABA631-46B2-4143-9808-7E6F62AD2E47}.Release|x86.ActiveCfg = Release|Win32
		{87ABA631-46B2-4143-9808-7E6F62AD2E47}.Release|x86.Build.0 = Release|Win32
		{F3EC802A-4D87-42BC-9436-82AB33A2111C}.Debug|Any CPU.ActiveCfg = Debug|Win32
		{F3EC802A-4D87-42BC-9436-82AB33A2111C}.Debug|Any CPU.Build.0 = Debug|Win32
		{F3EC802A-4D87-42BC-9436-82AB33A2111C}.Debug|ARM.ActiveCfg = Debug|ARM
		{F3EC802A-4D87-42BC-9436-82AB33A2111C}.Debug|ARM.Build.0 = Debug|ARM
		{F3EC802A-4D87-42BC-9436-82AB33A2111C}.Debug|x64.ActiveCfg = Debug|x64
		{F3EC802A-4D87-42BC-9436-82AB33A2111C}.Debug|x64.Build.0 = Debug|x64
		{F3EC802A-4D87-42BC-9436-82AB33A2111C}.Debug|x86.ActiveCfg = Debug|Win32
		{F3EC802A-4D87-42BC-9436-82AB33A2111C}.Debug|x86.Build.0 = Debug|Win32
		{F3EC802A-4D87-42BC-9436-82AB33A2111C}.Release|Any CPU.ActiveCfg = Release|Win32
		{F3EC802A-4D87-42BC-9436-82AB33A2111C}.Release|ARM.ActiveCfg = Release|ARM
		{F3EC802A-4D87-42BC-9436-82AB33A2111C}.Release|ARM.Build.0 = Release|ARM
		{F3EC802A-4D87-42BC-9436-82AB33A2111C}.Release|x64.ActiveCfg = Release|x64
		{F3EC802A-4D87-42BC-9436-82AB33A2111C}.Release|x64.Build.0 = Release|x64
		{F3EC802A-4D87-42BC-9436-82AB33A2111C}.Release|x86.ActiveCfg = Release|Win32
		{F3EC802A-4D87-42BC-9436-82AB33A2111C}.Release|x86.Build.0 = Release|Win32
		{F858FE3B-ACE6-45CE-96D7-B614B980653B}.Debug|Any CPU.ActiveCfg = Debug|Win32
		{F858FE3B-ACE6-45CE-96D7-B614B980653B}.Debug|Any CPU.Build.0 = Debug|Win32
		{F858FE3B-ACE6-45CE-96D7-B614B980653B}.Debug|ARM.ActiveCfg = Debug|ARM
		{F858FE3B-ACE6-45CE-96D7-B614B980653B}.Debug|ARM.Build.0 = Debug|ARM
		{F858FE3B-ACE6-45CE-96D7-B614B980653B}.Debug|x64.ActiveCfg = Debug|x64
		{F858FE3B-ACE6-45CE-96D7-B614B980653B}.Debug|x64.Build.0 = Debug|x64
		{F858FE3B-ACE6-45CE-96D7-B614B980653B}.Debug|x86.ActiveCfg = Debug|Win32
		{F858FE3B-ACE6-45CE-96D7-B614B980653B}.Debug|x86.Build.0 = Debug|Win32
		{F858FE3B-ACE6-45CE-96D7-B614B980653B}.Release|Any CPU.ActiveCfg = Release|Win32
		{F858FE3B-ACE6-45CE-96D7-B614B980653B}.Release|ARM.ActiveCfg = Release|ARM
		{F858FE3B-ACE6-45CE-96D7-B614B980653B}.Release|ARM.Build.0 = Release|ARM
		{F858FE3B-ACE6-45CE-96D7-B614B980653B}.Release|x64.ActiveCfg = Release|x64
		{F858FE3B-ACE6-45CE-96D7-B614B980653B}.Release|x64.Build.0 = Release|x64
		{F858FE3B-ACE6-45CE-96D7-B614B980653B}.Release|x86.ActiveCfg = Release|Win32
		{F858FE3B-ACE6-45CE-96D7-B614B980653B}.Release|x86.Build.0 = Release|Win32
		{89203B49-6F77-4860-9384-0B00BB833175}.Debug|Any CPU.ActiveCfg = Debug|Win32
		{89203B49-6F77-4860-9384-0B00BB833175}.Debug|Any CPU.Build.0 = Debug|Win32
		{89203B49-6F77-4860-9384-0B00BB833175}.Debug|ARM.ActiveCfg = Debug|ARM
		{89203B49-6F77-4860-9384-0B00BB833175}.Debug|ARM.Build.0 = Debug|ARM
		{89203B49-6F77-4860-9384-0B00BB833175}.Debug|x64.ActiveCfg = Debug|x64
		{89203B49-6F77-4860-9384-0B00BB833175}.Debug|x64.Build.0 = Debug|x64
		{89203B49-6F77-4860-9384-0B00BB833175}.Debug|x86.ActiveCfg = Debug|Win32
		{89203B49-6F77-4860-9384-0B00BB833175}.Debug|x86.Build.0 = Debug|Win32
		{89203B49-6F77-4860-9384-0B00BB833175}.Release|Any CPU.ActiveCfg = Release|Win32
		{89203B49-6F77-4860-9384-0B00BB833175}.Release|ARM.ActiveCfg = Release|ARM
		{89203B49-6F77-4860-9384-0B00BB833175}.Release|ARM.Build.0 = Release|ARM
		{89203B49-6F77-4860-9384-0B00BB833175}.Release|x64.ActiveCfg = Release|x64
		{89203B49-6F77-4860-9384-0B00BB833175}.Release|x64.Build.0 = Release|x64
		{89203B49-6F77-4860-9384-0B00BB833175}.Release|x86.ActiveCfg = Release|Win32
		{89203B49-6F77-4860-9384-0B00BB833175}.Release|x86.Build.0 = Release|Win32
		{7E37D649-4655-49C9-9B73-C86E288862A4}.Debug|Any CPU.ActiveCfg = Debug|Win32
		{7E37D649-4655-49C9-9B73-C86E288862A4}.Debug|Any CPU.Build.0 = Debug|Win32
		{7E37D649-4655-49C9-9B73-C86E288862A4}.Debug|ARM.ActiveCfg = Debug|ARM
		{7E37D649-4655-49C9-9B73-C86E288862A4}.Debug|ARM.Build.0 = Debug|ARM
		{7E37D649-4655-49C9-9B73-C86E288862A4}.Debug|x64.ActiveCfg = Debug|x64
		{7E37D649-4655-49C9-9B73-C86E288862A4}.Debug|x64.Build.0 = Debug|x64
		{7E37D649-4655-49C9-9B73-C86E288862A4}.Debug|x86.ActiveCfg = Debug|Win32
		{7E37D649-4655-49C9-9B73-C86E288862A4}.Debug|x86.Build.0 = Debug|Win32
		{7E37D649-4655-49C9-9B73-C86E288862A4}.Release|Any CPU.ActiveCfg = Release|Win32
		{7E37D649-4655-49C9-9B73-C86E288862A4}.Release|ARM.ActiveCfg = Release|ARM
		{7E37D649-4655-49C9-9B73-C86E288862A4}.Release|ARM.Build.0 = Release|ARM
		{7E37D649-4655-49C9-9B73-C86E288862A4}.Release|x64.ActiveCfg = Release|x64
		{7E37D649-4655-49C9-9B73-C86E288862A4}.Release|x64.Build.0 = Release|x64
		{7E37D649-4655-49C9-9B73-C86E288862A4}.Release|x86.ActiveCfg = Release|Win32
		{7E37D649-4655-49C9-9B73-C86E288862A4}.Release|x86.Build.0 = Release|Win32
		{872C7500-276A-448D-868B-E83550A7D507}.Debug|Any CPU.ActiveCfg = Debug|Win32
		{872C7500-276A-448D-868B-E83550A7D507}.Debug|Any CPU.Build.0 = Debug|Win32
		{872C7500-276A-448D-868B-E83550A7D507}.Debug|ARM.ActiveCfg = Debug|ARM
		{872C7500-276A-448D-868B-E83550A7D507}.Debug|ARM.Build.0 = Debug|ARM
		{872C7500-276A-448D-868B-E83550A7D507}.Debug|x64.ActiveCfg = Debug|x64
		{872C7500-276A-448D-868B-E83550A7D507}.Debug|x64.Build.0 = Debug|x64
		{872C7500-276A-448D-868B-E83550A7D507}.Debug|x86.ActiveCfg = Debug|Win32
		{872C7500-276A-448D-868B-E83550A7D507}.Debug|x86.Build.0 = Debug|Win32
		{872C7500-276A-448D-868B-E83550A7D507}.Release|Any CPU.ActiveCfg = Release|Win32
		{872C7500-276A-448D-868B-E83550A7D507}.Release|ARM.ActiveCfg = Release|ARM
		{872C7500-276A-448D-868B-E83550A7D507}.Release|ARM.Build.0 = Release|ARM
		{872C7500-276A-448D-868B-E83550A7D507}.Release|x64.ActiveCfg = Release|x64
		{872C7500-276A-448D-868B-E83550A7D507}.Release|x64.Build.0 = Release|x64
		{872C7500-276A-448D-868B-E83550A7D507}.Release|x86.ActiveCfg = Release|Win32
		{872C7500-276A-448D-868B-E83550A7D507}.Release|x86.Build.0 = Release|Win32
		{F2DBCB6C-4008-4A54-BC06-0B4A8BB8B0CB}.Debug|Any CPU.ActiveCfg = Debug|Win32
		{F2DBCB6C-4008-4A54-BC06-0B4A8BB8B0CB}.Debug|Any CPU.Build.0 = Debug|Win32
		{F2DBCB6C-4008-4A54-BC06-0B4A8BB8B0CB}.Debug|ARM.ActiveCfg = Debug|ARM
		{F2DBCB6C-4008-4A54-BC06-0B4A8BB8B0CB}.Debug|ARM.Build.0 = Debug|ARM
		{F2DBCB6C-4008-4A54-BC06-0B4A8BB8B0CB}.Debug|x64.ActiveCfg = Debug|x64
		{F2DBCB6C-4008-4A54-BC06-0B4A8BB8B0CB}.Debug|x64.Build.0 = Debug|x64
		{F2DBCB6C-4008-4A54-BC06-0B4A8BB8B0CB}.Debug|x86.ActiveCfg = Debug|Win32
		{F2DBCB6C-4008-4A54-BC06-0B4A8BB8B0CB}.Debug|x86.Build.0 = Debug|Win32
		{F2DBCB6C-4008-4A54-BC06-0B4A8BB8B0CB}.Release|Any CPU.ActiveCfg = Release|Win32
		{F2DBCB6C-4008-4A54-BC06-0B4A8BB8B0CB}.Release|ARM.ActiveCfg = Release|ARM
		{F2DBCB6C-4008-4A54-BC06-0B4A8BB8B0CB}.Release|ARM.Build.0 = Release|ARM
		{F2DBCB6C-4008-4A54-BC06-0B4A8BB8B0CB}.Release|x64.ActiveCfg = Release|x64
		{F2DBCB6C-4008-4A54-BC06-0B4A8BB8B0CB}.Release|x64.Build.0 = Release|x64
		{F2DBCB6C-4008-4A54-BC06-0B4A8BB8B0CB}.Release|x86.ActiveCfg = Release|Win32
		{F2DBCB6C-4008-4A54-BC06-0B4A8BB8B0CB}.Release|x86.Build.0 = Release|Win32
		{DC027DD8-7092-4042-A5C7-AF8D0292B4DD}.Debug|Any CPU.ActiveCfg = Debug|Win32
		{DC027DD8-7092-4042-A5C7-AF8D0292B4DD}.Debug|Any CPU.Build.0 = Debug|Win32
		{DC027DD8-7092-4042-A5C7-AF8D0292B4DD}.Debug|ARM.ActiveCfg = Debug|ARM
		{DC027DD8-7092-4042-A5C7-AF8D0292B4DD}.Debug|ARM.Build.0 = Debug|ARM
		{DC027DD8-7092-4042-A5C7-AF8D0292B4DD}.Debug|x64.ActiveCfg = Debug|x64
		{DC027DD8-7092-4042-A5C7-AF8D0292B4DD}.Debug|x64.Build.0 = Debug|x64
		{DC027DD8-7092-4042-A5C7-AF8D0292B4DD}.Debug|x86.ActiveCfg = Debug|Win32
		{DC027DD8-7092-4042-A5C7-AF8D0292B4DD}.Debug|x86.Build.0 = Debug|Win32
		{DC027DD8-7092-4042-A5C7-AF8D0292B4DD}.Release|Any CPU.ActiveCfg = Release|Win32
		{DC027DD8-7092-4042-A5C7-AF8D0292B4DD}.Release|ARM.ActiveCfg = Release|ARM
		{DC027DD8-7092-4042-A5C7-AF8D0292B4DD}.Release|ARM.Build.0 = Release|ARM
		{DC027DD8-7092-4042-A5C7-AF8D0292B4DD}.Release|x64.ActiveCfg = Release|x64
		{DC027DD8-7092-4042-A5C7-AF8D0292B4DD}.Release|x64.Build.0 = Release|x64
		{DC027DD8-7092-4042-A5C7-AF8D0292B4DD}.Release|x86.ActiveCfg = Release|Win32
		{DC027DD8-7092-4042-A5C7-AF8D0292B4DD}.Release|x86.Build.0 = Release|Win32
		{D50C4B49-47EE-4EFC-B9F7-184768351BA4}.Debug|Any CPU.ActiveCfg = Debug|Win32
		{D50C4B49-47EE-4EFC-B9F7-184768351BA4}.Debug|Any CPU.Build.0 = Debug|Win32
		{D50C4B49-47EE-4EFC-B9F7-184768351BA4}.Debug|ARM.ActiveCfg = Debug|ARM
		{D50C4B49-47EE-4EFC-B9F7-184768351BA4}.Debug|ARM.Build.0 = Debug|ARM
		{D50C4B49-47EE-4EFC-B9F7-184768351BA4}.Debug|x64.ActiveCfg = Debug|x64
		{D50C4B49-47EE-4EFC-B9F7-184768351BA4}.Debug|x64.Build.0 = Debug|x64
		{D50C4B49-47EE-4EFC-B9F7-184768351BA4}.Debug|x86.ActiveCfg = Debug|Win32
		{D50C4B49-47EE-4EFC-B9F7-184768351BA4}.Debug|x86.Build.0 = Debug|Win32
		{D50C4B49-47EE-4EFC-B9F7-184768351BA4}.Release|Any CPU.ActiveCfg = Release|Win32
		{D50C4B49-47EE-4EFC-B9F7-184768351BA4}.Release|ARM.ActiveCfg = Release|ARM
		{D50C4B49-47EE-4EFC-B9F7-184768351BA4}.Release|ARM.Build.0 = Release|ARM
		{D50C4B49-47EE-4EFC-B9F7-184768351BA4}.Release|x64.ActiveCfg = Release|x64
		{D50C4B49-47EE-4EFC-B9F7-184768351BA4}.Release|x64.Build.0 = Release|x64
		{D50C4B49-47EE-4EFC-B9F7-184768351BA4}.Release|x86.ActiveCfg = Release|Win32
		{D50C4B49-47EE-4EFC-B9F7-184768351BA4}.Release|x86.Build.0 = Release|Win32
		{272028E2-95A8-4116-8933-ED032C4E9BDD}.Debug|Any CPU.ActiveCfg = Debug|Win32
		{272028E2-95A8-4116-8933-ED032C4E9BDD}.Debug|Any CPU.Build.0 = Debug|Win32
		{272028E2-95A8-4116-8933-ED032C4E9BDD}.Debug|ARM.ActiveCfg = Debug|ARM
		{272028E2-95A8-4116-8933-ED032C4E9BDD}.Debug|ARM.Build.0 = Debug|ARM
		{272028E2-95A8-4116-8933-ED032C4E9BDD}.Debug|x64.ActiveCfg = Debug|x64
		{272028E2-95A8-4116-8933-ED032C4E9BDD}.Debug|x64.Build.0 = Debug|x64
		{272028E2-95A8-4116-8933-ED032C4E9BDD}.Debug|x86.ActiveCfg = Debug|Win32
		{272028E2-95A8-4116-8933-ED032C4E9BDD}.Debug|x86.Build.0 = Debug|Win32
		{272028E2-95A8-4116-8933-ED032C4E9BDD}.Release|Any CPU.ActiveCfg = Release|Win32
		{272028E2-95A8-4116-8933-ED032C4E9BDD}.Release|ARM.ActiveCfg = Release|ARM
		{272028E2-95A8-4116-8933-ED032C4E9BDD}.Release|x64.ActiveCfg = Release|x64
		{272028E2-95A8-4116-8933-ED032C4E9BDD}.Release|x64.Build.0 = Release|x64
		{272028E2-95A8-4116-8933-ED032C4E9BDD}.Release|x86.ActiveCfg = Release|Win32
		{272028E2-95A8-4116-8933-ED032C4E9BDD}.Release|x86.Build.0 = Release|Win32
		{3816D357-EF4E-4E10-AD7E-E763F5309EB7}.Debug|Any CPU.ActiveCfg = Debug|Win32
		{3816D357-EF4E-4E10-AD7E-E763F5309EB7}.Debug|Any CPU.Build.0 = Debug|Win32
		{3816D357-EF4E-4E10-AD7E-E763F5309EB7}.Debug|ARM.ActiveCfg = Debug|ARM
		{3816D357-EF4E-4E10-AD7E-E763F5309EB7}.Debug|x64.ActiveCfg = Debug|x64
		{3816D357-EF4E-4E10-AD7E-E763F5309EB7}.Debug|x64.Build.0 = Debug|x64
		{3816D357-EF4E-4E10-AD7E-E763F5309EB7}.Debug|x86.ActiveCfg = Debug|Win32
		{3816D357-EF4E-4E10-AD7E-E763F5309EB7}.Debug|x86.Build.0 = Debug|Win32
		{3816D357-EF4E-4E10-AD7E-E763F5309EB7}.Release|Any CPU.ActiveCfg = Release|Win32
		{3816D357-EF4E-4E10-AD7E-E763F5309EB7}.Release|ARM.ActiveCfg = Release|ARM
		{3816D357-EF4E-4E10-AD7E-E763F5309EB7}.Release|x64.ActiveCfg = Release|x64
		{3816D357-EF4E-4E10-AD7E-E763F5309EB7}.Release|x64.Build.0 = Release|x64
		{3816D357-EF4E-4E10-AD7E-E763F5309EB7}.Release|x86.ActiveCfg = Release|Win32
		{3816D357-EF4E-4E10-AD7E-E763F5309EB7}.Release|x86.Build.0 = Release|Win32
		{F804E8B4-7078-4409-8292-8EB3C84F7ABC}.Debug|Any CPU.ActiveCfg = Debug|Win32
		{F804E8B4-7078-4409-8292-8EB3C84F7ABC}.Debug|Any CPU.Build.0 = Debug|Win32
		{F804E8B4-7078-4409-8292-8EB3C84F7ABC}.Debug|ARM.ActiveCfg = Debug|ARM
		{F804E8B4-7078-4409-8292-8EB3C84F7ABC}.Debug|x64.ActiveCfg = Debug|x64
		{F804E8B4-7078-4409-8292-8EB3C84F7ABC}.Debug|x64.Build.0 = Debug|x64
		{F804E8B4-7078-4409-8292-8EB3C84F7ABC}.Debug|x86.ActiveCfg = Debug|Win32
		{F804E8B4-7078-4409-8292-8EB3C84F7ABC}.Debug|x86.Build.0 = Debug|Win32
		{F804E8B4-7078-4409-8292-8EB3C84F7ABC}.Release|Any CPU.ActiveCfg = Release|Win32
		{F804E8B4-7078-4409-8292-8EB3C84F7ABC}.Release|ARM.ActiveCfg = Release|ARM
		{F804E8B4-7078-4409-8292-8EB3C84F7ABC}.Release|x64.ActiveCfg = Release|x64
		{F804E8B4-7078-4409-8292-8EB3C84F7ABC}.Release|x64.Build.0 = Release|x64
		{F804E8B4-7078-4409-8292-8EB3C84F7ABC}.Release|x86.ActiveCfg = Release|Win32
		{F804E8B4-7078-4409-8292-8EB3C84F7ABC}.Release|x86.Build.0 = Release|Win32
		{6B0C40B4-506B-4534-AEB3-DE87220124AC}.Debug|Any CPU.ActiveCfg = Debug|Win32
		{6B0C40B4-506B-4534-AEB3-DE87220124AC}.Debug|Any CPU.Build.0 = Debug|Win32
		{6B0C40B4-506B-4534-AEB3-DE87220124AC}.Debug|ARM.ActiveCfg = Debug|ARM
		{6B0C40B4-506B-4534-AEB3-DE87220124AC}.Debug|ARM.Build.0 = Debug|ARM
		{6B0C40B4-506B-4534-AEB3-DE87220124AC}.Debug|x64.ActiveCfg = Debug|x64
		{6B0C40B4-506B-4534-AEB3-DE87220124AC}.Debug|x64.Build.0 = Debug|x64
		{6B0C40B4-506B-4534-AEB3-DE87220124AC}.Debug|x86.ActiveCfg = Debug|Win32
		{6B0C40B4-506B-4534-AEB3-DE87220124AC}.Debug|x86.Build.0 = Debug|Win32
		{6B0C40B4-506B-4534-AEB3-DE87220124AC}.Release|Any CPU.ActiveCfg = Release|Win32
		{6B0C40B4-506B-4534-AEB3-DE87220124AC}.Release|ARM.ActiveCfg = Release|ARM
		{6B0C40B4-506B-4534-AEB3-DE87220124AC}.Release|x64.ActiveCfg = Release|x64
		{6B0C40B4-506B-4534-AEB3-DE87220124AC}.Release|x64.Build.0 = Release|x64
		{6B0C40B4-506B-4534-AEB3-DE87220124AC}.Release|x86.ActiveCfg = Release|Win32
		{6B0C40B4-506B-4534-AEB3-DE87220124AC}.Release|x86.Build.0 = Release|Win32
		{0D3534F0-E6EA-4AE3-8479-E1482A60D3FD}.Debug|Any CPU.ActiveCfg = Debug|Win32
		{0D3534F0-E6EA-4AE3-8479-E1482A60D3FD}.Debug|Any CPU.Build.0 = Debug|Win32
		{0D3534F0-E6EA-4AE3-8479-E1482A60D3FD}.Debug|ARM.ActiveCfg = Debug|ARM
		{0D3534F0-E6EA-4AE3-8479-E1482A60D3FD}.Debug|ARM.Build.0 = Debug|ARM
		{0D3534F0-E6EA-4AE3-8479-E1482A60D3FD}.Debug|x64.ActiveCfg = Debug|x64
		{0D3534F0-E6EA-4AE3-8479-E1482A60D3FD}.Debug|x64.Build.0 = Debug|x64
		{0D3534F0-E6EA-4AE3-8479-E1482A60D3FD}.Debug|x86.ActiveCfg = Debug|Win32
		{0D3534F0-E6EA-4AE3-8479-E1482A60D3FD}.Debug|x86.Build.0 = Debug|Win32
		{0D3534F0-E6EA-4AE3-8479-E1482A60D3FD}.Release|Any CPU.ActiveCfg = Release|Win32
		{0D3534F0-E6EA-4AE3-8479-E1482A60D3FD}.Release|ARM.ActiveCfg = Release|ARM
		{0D3534F0-E6EA-4AE3-8479-E1482A60D3FD}.Release|x64.ActiveCfg = Release|x64
		{0D3534F0-E6EA-4AE3-8479-E1482A60D3FD}.Release|x64.Build.0 = Release|x64
		{0D3534F0-E6EA-4AE3-8479-E1482A60D3FD}.Release|x86.ActiveCfg = Release|Win32
		{0D3534F0-E6EA-4AE3-8479-E1482A60D3FD}.Release|x86.Build.0 = Release|Win32
		{164A5E27-8439-4425-853C-FB5C9A3982FE}.Debug|Any CPU.ActiveCfg = Debug|Win32
		{164A5E27-8439-4425-853C-FB5C9A3982FE}.Debug|Any CPU.Build.0 = Debug|Win32
		{164A5E27-8439-4425-853C-FB5C9A3982FE}.Debug|ARM.ActiveCfg = Debug|Win32
		{164A5E27-8439-4425-853C-FB5C9A3982FE}.Debug|x64.ActiveCfg = Debug|x64
		{164A5E27-8439-4425-853C-FB5C9A3982FE}.Debug|x64.Build.0 = Debug|x64
		{164A5E27-8439-4425-853C-FB5C9A3982FE}.Debug|x86.ActiveCfg = Debug|Win32
		{164A5E27-8439-4425-853C-FB5C9A3982FE}.Debug|x86.Build.0 = Debug|Win32
		{164A5E27-8439-4425-853C-FB5C9A3982FE}.Release|Any CPU.ActiveCfg = Release|Win32
		{164A5E27-8439-4425-853C-FB5C9A3982FE}.Release|ARM.ActiveCfg = Release|Win32
		{164A5E27-8439-4425-853C-FB5C9A3982FE}.Release|x64.ActiveCfg = Release|x64
		{164A5E27-8439-4425-853C-FB5C9A3982FE}.Release|x64.Build.0 = Release|x64
		{164A5E27-8439-4425-853C-FB5C9A3982FE}.Release|x86.ActiveCfg = Release|Win32
		{164A5E27-8439-4425-853C-FB5C9A3982FE}.Release|x86.Build.0 = Release|Win32
		{73825865-8DD7-43FB-8658-FD77BEB851B5}.Debug|Any CPU.ActiveCfg = Debug|Win32
		{73825865-8DD7-43FB-8658-FD77BEB851B5}.Debug|Any CPU.Build.0 = Debug|Win32
		{73825865-8DD7-43FB-8658-FD77BEB851B5}.Debug|ARM.ActiveCfg = Debug|Win32
		{73825865-8DD7-43FB-8658-FD77BEB851B5}.Debug|x64.ActiveCfg = Debug|x64
		{73825865-8DD7-43FB-8658-FD77BEB851B5}.Debug|x64.Build.0 = Debug|x64
		{73825865-8DD7-43FB-8658-FD77BEB851B5}.Debug|x86.ActiveCfg = Debug|Win32
		{73825865-8DD7-43FB-8658-FD77BEB851B5}.Debug|x86.Build.0 = Debug|Win32
		{73825865-8DD7-43FB-8658-FD77BEB851B5}.Release|Any CPU.ActiveCfg = Release|Win32
		{73825865-8DD7-43FB-8658-FD77BEB851B5}.Release|ARM.ActiveCfg = Release|Win32
		{73825865-8DD7-43FB-8658-FD77BEB851B5}.Release|x64.ActiveCfg = Release|x64
		{73825865-8DD7-43FB-8658-FD77BEB851B5}.Release|x64.Build.0 = Release|x64
		{73825865-8DD7-43FB-8658-FD77BEB851B5}.Release|x86.ActiveCfg = Release|Win32
		{73825865-8DD7-43FB-8658-FD77BEB851B5}.Release|x86.Build.0 = Release|Win32
		{2B368F96-283D-4F1D-9B7A-79DED167A60E}.Debug|Any CPU.ActiveCfg = Debug|Win32
		{2B368F96-283D-4F1D-9B7A-79DED167A60E}.Debug|Any CPU.Build.0 = Debug|Win32
		{2B368F96-283D-4F1D-9B7A-79DED167A60E}.Debug|ARM.ActiveCfg = Debug|Win32
		{2B368F96-283D-4F1D-9B7A-79DED167A60E}.Debug|x64.ActiveCfg = Debug|x64
		{2B368F96-283D-4F1D-9B7A-79DED167A60E}.Debug|x64.Build.0 = Debug|x64
		{2B368F96-283D-4F1D-9B7A-79DED167A60E}.Debug|x86.ActiveCfg = Debug|Win32
		{2B368F96-283D-4F1D-9B7A-79DED167A60E}.Debug|x86.Build.0 = Debug|Win32
		{2B368F96-283D-4F1D-9B7A-79DED167A60E}.Release|Any CPU.ActiveCfg = Release|Win32
		{2B368F96-283D-4F1D-9B7A-79DED167A60E}.Release|ARM.ActiveCfg = Release|Win32
		{2B368F96-283D-4F1D-9B7A-79DED167A60E}.Release|x64.ActiveCfg = Release|x64
		{2B368F96-283D-4F1D-9B7A-79DED167A60E}.Release|x64.Build.0 = Release|x64
		{2B368F96-283D-4F1D-9B7A-79DED167A60E}.Release|x86.ActiveCfg = Release|Win32
		{2B368F96-283D-4F1D-9B7A-79DED167A60E}.Release|x86.Build.0 = Release|Win32
		{70DDF205-1E6A-439D-9F12-97A589199413}.Debug|Any CPU.ActiveCfg = Debug|Win32
		{70DDF205-1E6A-439D-9F12-97A589199413}.Debug|Any CPU.Build.0 = Debug|Win32
		{70DDF205-1E6A-439D-9F12-97A589199413}.Debug|ARM.ActiveCfg = Debug|Win32
		{70DDF205-1E6A-439D-9F12-97A589199413}.Debug|x64.ActiveCfg = Debug|x64
		{70DDF205-1E6A-439D-9F12-97A589199413}.Debug|x64.Build.0 = Debug|x64
		{70DDF205-1E6A-439D-9F12-97A589199413}.Debug|x86.ActiveCfg = Debug|Win32
		{70DDF205-1E6A-439D-9F12-97A589199413}.Debug|x86.Build.0 = Debug|Win32
		{70DDF205-1E6A-439D-9F12-97A589199413}.Release|Any CPU.ActiveCfg = Release|Win32
		{70DDF205-1E6A-439D-9F12-97A589199413}.Release|ARM.ActiveCfg = Release|Win32
		{70DDF205-1E6A-439D-9F12-97A589199413}.Release|x64.ActiveCfg = Release|x64
		{70DDF205-1E6A-439D-9F12-97A589199413}.Release|x64.Build.0 = Release|x64
		{70DDF205-1E6A-439D-9F12-97A589199413}.Release|x86.ActiveCfg = Release|Win32
		{70DDF205-1E6A-439D-9F12-97A589199413}.Release|x86.Build.0 = Release|Win32
		{A1731680-700C-4329-99E2-7DC98E6F9A74}.Debug|Any CPU.ActiveCfg = Debug|Win32
		{A1731680-700C-4329-99E2-7DC98E6F9A74}.Debug|Any CPU.Build.0 = Debug|Win32
		{A1731680-700C-4329-99E2-7DC98E6F9A74}.Debug|ARM.ActiveCfg = Debug|Win32
		{A1731680-700C-4329-99E2-7DC98E6F9A74}.Debug|x64.ActiveCfg = Debug|x64
		{A1731680-700C-4329-99E2-7DC98E6F9A74}.Debug|x64.Build.0 = Debug|x64
		{A1731680-700C-4329-99E2-7DC98E6F9A74}.Debug|x86.ActiveCfg = Debug|Win32
		{A1731680-700C-4329-99E2-7DC98E6F9A74}.Debug|x86.Build.0 = Debug|Win32
		{A1731680-700C-4329-99E2-7DC98E6F9A74}.Release|Any CPU.ActiveCfg = Release|Win32
		{A1731680-700C-4329-99E2-7DC98E6F9A74}.Release|ARM.ActiveCfg = Release|Win32
		{A1731680-700C-4329-99E2-7DC98E6F9A74}.Release|x64.ActiveCfg = Release|x64
		{A1731680-700C-4329-99E2-7DC98E6F9A74}.Release|x64.Build.0 = Release|x64
		{A1731680-700C-4329-99E2-7DC98E6F9A74}.Release|x86.ActiveCfg = Release|Win32
		{A1731680-700C-4329-99E2-7DC98E6F9A74}.Release|x86.Build.0 = Release|Win32
		{56BB4C52-D87D-4D1E-9231-6525D9348F22}.Debug|Any CPU.ActiveCfg = Debug|Win32
		{56BB4C52-D87D-4D1E-9231-6525D9348F22}.Debug|Any CPU.Build.0 = Debug|Win32
		{56BB4C52-D87D-4D1E-9231-6525D9348F22}.Debug|ARM.ActiveCfg = Debug|Win32
		{56BB4C52-D87D-4D1E-9231-6525D9348F22}.Debug|x64.ActiveCfg = Debug|x64
		{56BB4C52-D87D-4D1E-9231-6525D9348F22}.Debug|x64.Build.0 = Debug|x64
		{56BB4C52-D87D-4D1E-9231-6525D9348F22}.Debug|x86.ActiveCfg = Debug|Win32
		{56BB4C52-D87D-4D1E-9231-6525D9348F22}.Debug|x86.Build.0 = Debug|Win32
		{56BB4C52-D87D-4D1E-9231-6525D9348F22}.Release|Any CPU.ActiveCfg = Release|Win32
		{56BB4C52-D87D-4D1E-9231-6525D9348F22}.Release|ARM.ActiveCfg = Release|Win32
		{56BB4C52-D87D-4D1E-9231-6525D9348F22}.Release|x64.ActiveCfg = Release|x64
		{56BB4C52-D87D-4D1E-9231-6525D9348F22}.Release|x64.Build.0 = Release|x64
		{56BB4C52-D87D-4D1E-9231-6525D9348F22}.Release|x86.ActiveCfg = Release|Win32
		{56BB4C52-D87D-4D1E-9231-6525D9348F22}.Release|x86.Build.0 = Release|Win32
		{77B03823-229D-40A5-9A0B-6DB57FD2E2AD}.Debug|Any CPU.ActiveCfg = Debug|Win32
		{77B03823-229D-40A5-9A0B-6DB57FD2E2AD}.Debug|Any CPU.Build.0 = Debug|Win32
		{77B03823-229D-40A5-9A0B-6DB57FD2E2AD}.Debug|ARM.ActiveCfg = Debug|Win32
		{77B03823-229D-40A5-9A0B-6DB57FD2E2AD}.Debug|x64.ActiveCfg = Debug|x64
		{77B03823-229D-40A5-9A0B-6DB57FD2E2AD}.Debug|x64.Build.0 = Debug|x64
		{77B03823-229D-40A5-9A0B-6DB57FD2E2AD}.Debug|x86.ActiveCfg = Debug|Win32
		{77B03823-229D-40A5-9A0B-6DB57FD2E2AD}.Debug|x86.Build.0 = Debug|Win32
		{77B03823-229D-40A5-9A0B-6DB57FD2E2AD}.Release|Any CPU.ActiveCfg = Release|Win32
		{77B03823-229D-40A5-9A0B-6DB57FD2E2AD}.Release|ARM.ActiveCfg = Release|Win32
		{77B03823-229D-40A5-9A0B-6DB57FD2E2AD}.Release|x64.ActiveCfg = Release|x64
		{77B03823-229D-40A5-9A0B-6DB57FD2E2AD}.Release|x64.Build.0 = Release|x64
		{77B03823-229D-40A5-9A0B-6DB57FD2E2AD}.Release|x86.ActiveCfg = Release|Win32
		{77B03823-229D-40A5-9A0B-6DB57FD2E2AD}.Release|x86.Build.0 = Release|Win32
		{E9CD98F4-E610-40CF-9AB8-5C8EE3A6DF81}.Debug|Any CPU.ActiveCfg = Debug|Win32
		{E9CD98F4-E610-40CF-9AB8-5C8EE3A6DF81}.Debug|Any CPU.Build.0 = Debug|Win32
		{E9CD98F4-E610-40CF-9AB8-5C8EE3A6DF81}.Debug|ARM.ActiveCfg = Debug|Win32
		{E9CD98F4-E610-40CF-9AB8-5C8EE3A6DF81}.Debug|x64.ActiveCfg = Debug|x64
		{E9CD98F4-E610-40CF-9AB8-5C8EE3A6DF81}.Debug|x64.Build.0 = Debug|x64
		{E9CD98F4-E610-40CF-9AB8-5C8EE3A6DF81}.Debug|x86.ActiveCfg = Debug|Win32
		{E9CD98F4-E610-40CF-9AB8-5C8EE3A6DF81}.Debug|x86.Build.0 = Debug|Win32
		{E9CD98F4-E610-40CF-9AB8-5C8EE3A6DF81}.Release|Any CPU.ActiveCfg = Release|Win32
		{E9CD98F4-E610-40CF-9AB8-5C8EE3A6DF81}.Release|ARM.ActiveCfg = Release|Win32
		{E9CD98F4-E610-40CF-9AB8-5C8EE3A6DF81}.Release|x64.ActiveCfg = Release|x64
		{E9CD98F4-E610-40CF-9AB8-5C8EE3A6DF81}.Release|x64.Build.0 = Release|x64
		{E9CD98F4-E610-40CF-9AB8-5C8EE3A6DF81}.Release|x86.ActiveCfg = Release|Win32
		{E9CD98F4-E610-40CF-9AB8-5C8EE3A6DF81}.Release|x86.Build.0 = Release|Win32
		{9613BB98-AED7-4180-ACF4-2916ECE929CE}.Debug|Any CPU.ActiveCfg = Debug|Win32
		{9613BB98-AED7-4180-ACF4-2916ECE929CE}.Debug|Any CPU.Build.0 = Debug|Win32
		{9613BB98-AED7-4180-ACF4-2916ECE929CE}.Debug|ARM.ActiveCfg = Debug|Win32
		{9613BB98-AED7-4180-ACF4-2916ECE929CE}.Debug|x64.ActiveCfg = Debug|x64
		{9613BB98-AED7-4180-ACF4-2916ECE929CE}.Debug|x64.Build.0 = Debug|x64
		{9613BB98-AED7-4180-ACF4-2916ECE929CE}.Debug|x86.ActiveCfg = Debug|Win32
		{9613BB98-AED7-4180-ACF4-2916ECE929CE}.Debug|x86.Build.0 = Debug|Win32
		{9613BB98-AED7-4180-ACF4-2916ECE929CE}.Release|Any CPU.ActiveCfg = Release|Win32
		{9613BB98-AED7-4180-ACF4-2916ECE929CE}.Release|ARM.ActiveCfg = Release|Win32
		{9613BB98-AED7-4180-ACF4-2916ECE929CE}.Release|x64.ActiveCfg = Release|x64
		{9613BB98-AED7-4180-ACF4-2916ECE929CE}.Release|x64.Build.0 = Release|x64
		{9613BB98-AED7-4180-ACF4-2916ECE929CE}.Release|x86.ActiveCfg = Release|Win32
		{9613BB98-AED7-4180-ACF4-2916ECE929CE}.Release|x86.Build.0 = Release|Win32
		{BFE2041A-CF7F-4167-931B-67BA42CF51C0}.Debug|Any CPU.ActiveCfg = Debug|Win32
		{BFE2041A-CF7F-4167-931B-67BA42CF51C0}.Debug|Any CPU.Build.0 = Debug|Win32
		{BFE2041A-CF7F-4167-931B-67BA42CF51C0}.Debug|ARM.ActiveCfg = Debug|Win32
		{BFE2041A-CF7F-4167-931B-67BA42CF51C0}.Debug|x64.ActiveCfg = Debug|x64
		{BFE2041A-CF7F-4167-931B-67BA42CF51C0}.Debug|x64.Build.0 = Debug|x64
		{BFE2041A-CF7F-4167-931B-67BA42CF51C0}.Debug|x86.ActiveCfg = Debug|Win32
		{BFE2041A-CF7F-4167-931B-67BA42CF51C0}.Debug|x86.Build.0 = Debug|Win32
		{BFE2041A-CF7F-4167-931B-67BA42CF51C0}.Release|Any CPU.ActiveCfg = Release|Win32
		{BFE2041A-CF7F-4167-931B-67BA42CF51C0}.Release|ARM.ActiveCfg = Release|Win32
		{BFE2041A-CF7F-4167-931B-67BA42CF51C0}.Release|x64.ActiveCfg = Release|x64
		{BFE2041A-CF7F-4167-931B-67BA42CF51C0}.Release|x64.Build.0 = Release|x64
		{BFE2041A-CF7F-4167-931B-67BA42CF51C0}.Release|x86.ActiveCfg = Release|Win32
		{BFE2041A-CF7F-4167-931B-67BA42CF51C0}.Release|x86.Build.0 = Release|Win32
		{36B8A53A-6795-4368-B0F8-E8F3E5FBF5FB}.Debug|Any CPU.ActiveCfg = Debug|Win32
		{36B8A53A-6795-4368-B0F8-E8F3E5FBF5FB}.Debug|Any CPU.Build.0 = Debug|Win32
		{36B8A53A-6795-4368-B0F8-E8F3E5FBF5FB}.Debug|ARM.ActiveCfg = Debug|Win32
		{36B8A53A-6795-4368-B0F8-E8F3E5FBF5FB}.Debug|x64.ActiveCfg = Debug|x64
		{36B8A53A-6795-4368-B0F8-E8F3E5FBF5FB}.Debug|x64.Build.0 = Debug|x64
		{36B8A53A-6795-4368-B0F8-E8F3E5FBF5FB}.Debug|x86.ActiveCfg = Debug|Win32
		{36B8A53A-6795-4368-B0F8-E8F3E5FBF5FB}.Debug|x86.Build.0 = Debug|Win32
		{36B8A53A-6795-4368-B0F8-E8F3E5FBF5FB}.Release|Any CPU.ActiveCfg = Release|Win32
		{36B8A53A-6795-4368-B0F8-E8F3E5FBF5FB}.Release|ARM.ActiveCfg = Release|Win32
		{36B8A53A-6795-4368-B0F8-E8F3E5FBF5FB}.Release|x64.ActiveCfg = Release|x64
		{36B8A53A-6795-4368-B0F8-E8F3E5FBF5FB}.Release|x64.Build.0 = Release|x64
		{36B8A53A-6795-4368-B0F8-E8F3E5FBF5FB}.Release|x86.ActiveCfg = Release|Win32
		{36B8A53A-6795-4368-B0F8-E8F3E5FBF5FB}.Release|x86.Build.0 = Release|Win32
		{BBF415B9-C5F1-4BB2-8A2F-6C058F6AD0E7}.Debug|Any CPU.ActiveCfg = Debug|Win32
		{BBF415B9-C5F1-4BB2-8A2F-6C058F6AD0E7}.Debug|Any CPU.Build.0 = Debug|Win32
		{BBF415B9-C5F1-4BB2-8A2F-6C058F6AD0E7}.Debug|ARM.ActiveCfg = Debug|Win32
		{BBF415B9-C5F1-4BB2-8A2F-6C058F6AD0E7}.Debug|x64.ActiveCfg = Debug|x64
		{BBF415B9-C5F1-4BB2-8A2F-6C058F6AD0E7}.Debug|x64.Build.0 = Debug|x64
		{BBF415B9-C5F1-4BB2-8A2F-6C058F6AD0E7}.Debug|x86.ActiveCfg = Debug|Win32
		{BBF415B9-C5F1-4BB2-8A2F-6C058F6AD0E7}.Debug|x86.Build.0 = Debug|Win32
		{BBF415B9-C5F1-4BB2-8A2F-6C058F6AD0E7}.Release|Any CPU.ActiveCfg = Release|Win32
		{BBF415B9-C5F1-4BB2-8A2F-6C058F6AD0E7}.Release|ARM.ActiveCfg = Release|Win32
		{BBF415B9-C5F1-4BB2-8A2F-6C058F6AD0E7}.Release|x64.ActiveCfg = Release|x64
		{BBF415B9-C5F1-4BB2-8A2F-6C058F6AD0E7}.Release|x64.Build.0 = Release|x64
		{BBF415B9-C5F1-4BB2-8A2F-6C058F6AD0E7}.Release|x86.ActiveCfg = Release|Win32
		{BBF415B9-C5F1-4BB2-8A2F-6C058F6AD0E7}.Release|x86.Build.0 = Release|Win32
		{153C0DDE-FE1F-4EB2-B3FE-1783CDF34CE6}.Debug|Any CPU.ActiveCfg = Debug|Win32
		{153C0DDE-FE1F-4EB2-B3FE-1783CDF34CE6}.Debug|Any CPU.Build.0 = Debug|Win32
		{153C0DDE-FE1F-4EB2-B3FE-1783CDF34CE6}.Debug|ARM.ActiveCfg = Debug|Win32
		{153C0DDE-FE1F-4EB2-B3FE-1783CDF34CE6}.Debug|x64.ActiveCfg = Debug|x64
		{153C0DDE-FE1F-4EB2-B3FE-1783CDF34CE6}.Debug|x64.Build.0 = Debug|x64
		{153C0DDE-FE1F-4EB2-B3FE-1783CDF34CE6}.Debug|x86.ActiveCfg = Debug|Win32
		{153C0DDE-FE1F-4EB2-B3FE-1783CDF34CE6}.Debug|x86.Build.0 = Debug|Win32
		{153C0DDE-FE1F-4EB2-B3FE-1783CDF34CE6}.Release|Any CPU.ActiveCfg = Release|Win32
		{153C0DDE-FE1F-4EB2-B3FE-1783CDF34CE6}.Release|ARM.ActiveCfg = Release|Win32
		{153C0DDE-FE1F-4EB2-B3FE-1783CDF34CE6}.Release|x64.ActiveCfg = Release|x64
		{153C0DDE-FE1F-4EB2-B3FE-1783CDF34CE6}.Release|x64.Build.0 = Release|x64
		{153C0DDE-FE1F-4EB2-B3FE-1783CDF34CE6}.Release|x86.ActiveCfg = Release|Win32
		{153C0DDE-FE1F-4EB2-B3FE-1783CDF34CE6}.Release|x86.Build.0 = Release|Win32
		{C4651511-F20D-4F59-8600-10C119C42564}.Debug|Any CPU.ActiveCfg = Debug|Win32
		{C4651511-F20D-4F59-8600-10C119C42564}.Debug|Any CPU.Build.0 = Debug|Win32
		{C4651511-F20D-4F59-8600-10C119C42564}.Debug|ARM.ActiveCfg = Debug|Win32
		{C4651511-F20D-4F59-8600-10C119C42564}.Debug|x64.ActiveCfg = Debug|x64
		{C4651511-F20D-4F59-8600-10C119C42564}.Debug|x64.Build.0 = Debug|x64
		{C4651511-F20D-4F59-8600-10C119C42564}.Debug|x86.ActiveCfg = Debug|Win32
		{C4651511-F20D-4F59-8600-10C119C42564}.Debug|x86.Build.0 = Debug|Win32
		{C4651511-F20D-4F59-8600-10C119C42564}.Release|Any CPU.ActiveCfg = Release|Win32
		{C4651511-F20D-4F59-8600-10C119C42564}.Release|ARM.ActiveCfg = Release|Win32
		{C4651511-F20D-4F59-8600-10C119C42564}.Release|x64.ActiveCfg = Release|x64
		{C4651511-F20D-4F59-8600-10C119C42564}.Release|x64.Build.0 = Release|x64
		{C4651511-F20D-4F59-8600-10C119C42564}.Release|x86.ActiveCfg = Release|Win32
		{C4651511-F20D-4F59-8600-10C119C42564}.Release|x86.Build.0 = Release|Win32
		{CBFDA311-1D60-45B7-91A2-489B2D31CAC4}.Debug|Any CPU.ActiveCfg = Debug|Win32
		{CBFDA311-1D60-45B7-91A2-489B2D31CAC4}.Debug|Any CPU.Build.0 = Debug|Win32
		{CBFDA311-1D60-45B7-91A2-489B2D31CAC4}.Debug|ARM.ActiveCfg = Debug|Win32
		{CBFDA311-1D60-45B7-91A2-489B2D31CAC4}.Debug|x64.ActiveCfg = Debug|x64
		{CBFDA311-1D60-45B7-91A2-489B2D31CAC4}.Debug|x64.Build.0 = Debug|x64
		{CBFDA311-1D60-45B7-91A2-489B2D31CAC4}.Debug|x86.ActiveCfg = Debug|Win32
		{CBFDA311-1D60-45B7-91A2-489B2D31CAC4}.Debug|x86.Build.0 = Debug|Win32
		{CBFDA311-1D60-45B7-91A2-489B2D31CAC4}.Release|Any CPU.ActiveCfg = Release|Win32
		{CBFDA311-1D60-45B7-91A2-489B2D31CAC4}.Release|ARM.ActiveCfg = Release|Win32
		{CBFDA311-1D60-45B7-91A2-489B2D31CAC4}.Release|x64.ActiveCfg = Release|x64
		{CBFDA311-1D60-45B7-91A2-489B2D31CAC4}.Release|x64.Build.0 = Release|x64
		{CBFDA311-1D60-45B7-91A2-489B2D31CAC4}.Release|x86.ActiveCfg = Release|Win32
		{CBFDA311-1D60-45B7-91A2-489B2D31CAC4}.Release|x86.Build.0 = Release|Win32
		{A794C01C-44F1-4186-A76D-7AC081CA0120}.Debug|Any CPU.ActiveCfg = Debug|Win32
		{A794C01C-44F1-4186-A76D-7AC081CA0120}.Debug|Any CPU.Build.0 = Debug|Win32
		{A794C01C-44F1-4186-A76D-7AC081CA0120}.Debug|ARM.ActiveCfg = Debug|Win32
		{A794C01C-44F1-4186-A76D-7AC081CA0120}.Debug|x64.ActiveCfg = Debug|x64
		{A794C01C-44F1-4186-A76D-7AC081CA0120}.Debug|x64.Build.0 = Debug|x64
		{A794C01C-44F1-4186-A76D-7AC081CA0120}.Debug|x86.ActiveCfg = Debug|Win32
		{A794C01C-44F1-4186-A76D-7AC081CA0120}.Debug|x86.Build.0 = Debug|Win32
		{A794C01C-44F1-4186-A76D-7AC081CA0120}.Release|Any CPU.ActiveCfg = Release|Win32
		{A794C01C-44F1-4186-A76D-7AC081CA0120}.Release|ARM.ActiveCfg = Release|Win32
		{A794C01C-44F1-4186-A76D-7AC081CA0120}.Release|x64.ActiveCfg = Release|x64
		{A794C01C-44F1-4186-A76D-7AC081CA0120}.Release|x64.Build.0 = Release|x64
		{A794C01C-44F1-4186-A76D-7AC081CA0120}.Release|x86.ActiveCfg = Release|Win32
		{A794C01C-44F1-4186-A76D-7AC081CA0120}.Release|x86.Build.0 = Release|Win32
		{FBB94DF5-F81F-4070-99FF-4A9147AFE14F}.Debug|Any CPU.ActiveCfg = Debug|Win32
		{FBB94DF5-F81F-4070-99FF-4A9147AFE14F}.Debug|Any CPU.Build.0 = Debug|Win32
		{FBB94DF5-F81F-4070-99FF-4A9147AFE14F}.Debug|ARM.ActiveCfg = Debug|Win32
		{FBB94DF5-F81F-4070-99FF-4A9147AFE14F}.Debug|x64.ActiveCfg = Debug|x64
		{FBB94DF5-F81F-4070-99FF-4A9147AFE14F}.Debug|x64.Build.0 = Debug|x64
		{FBB94DF5-F81F-4070-99FF-4A9147AFE14F}.Debug|x86.ActiveCfg = Debug|Win32
		{FBB94DF5-F81F-4070-99FF-4A9147AFE14F}.Debug|x86.Build.0 = Debug|Win32
		{FBB94DF5-F81F-4070-99FF-4A9147AFE14F}.Release|Any CPU.ActiveCfg = Release|Win32
		{FBB94DF5-F81F-4070-99FF-4A9147AFE14F}.Release|ARM.ActiveCfg = Release|Win32
		{FBB94DF5-F81F-4070-99FF-4A9147AFE14F}.Release|x64.ActiveCfg = Release|x64
		{FBB94DF5-F81F-4070-99FF-4A9147AFE14F}.Release|x64.Build.0 = Release|x64
		{FBB94DF5-F81F-4070-99FF-4A9147AFE14F}.Release|x86.ActiveCfg = Release|Win32
		{FBB94DF5-F81F-4070-99FF-4A9147AFE14F}.Release|x86.Build.0 = Release|Win32
		{B958CA84-EADA-4A19-A850-A6EEE9B5B842}.Debug|Any CPU.ActiveCfg = Debug|Win32
		{B958CA84-EADA-4A19-A850-A6EEE9B5B842}.Debug|ARM.ActiveCfg = Debug|Win32
		{B958CA84-EADA-4A19-A850-A6EEE9B5B842}.Debug|x64.ActiveCfg = Debug|x64
		{B958CA84-EADA-4A19-A850-A6EEE9B5B842}.Debug|x64.Build.0 = Debug|x64
		{B958CA84-EADA-4A19-A850-A6EEE9B5B842}.Debug|x86.ActiveCfg = Debug|Win32
		{B958CA84-EADA-4A19-A850-A6EEE9B5B842}.Debug|x86.Build.0 = Debug|Win32
		{B958CA84-EADA-4A19-A850-A6EEE9B5B842}.Release|Any CPU.ActiveCfg = Release|Win32
		{B958CA84-EADA-4A19-A850-A6EEE9B5B842}.Release|ARM.ActiveCfg = Release|Win32
		{B958CA84-EADA-4A19-A850-A6EEE9B5B842}.Release|x64.ActiveCfg = Release|x64
		{B958CA84-EADA-4A19-A850-A6EEE9B5B842}.Release|x64.Build.0 = Release|x64
		{B958CA84-EADA-4A19-A850-A6EEE9B5B842}.Release|x86.ActiveCfg = Release|Win32
		{B958CA84-EADA-4A19-A850-A6EEE9B5B842}.Release|x86.Build.0 = Release|Win32
		{E3F130CA-34B9-4452-BD94-B4B456CB219D}.Debug|Any CPU.ActiveCfg = Debug|Win32
		{E3F130CA-34B9-4452-BD94-B4B456CB219D}.Debug|ARM.ActiveCfg = Debug|Win32
		{E3F130CA-34B9-4452-BD94-B4B456CB219D}.Debug|x64.ActiveCfg = Debug|x64
		{E3F130CA-34B9-4452-BD94-B4B456CB219D}.Debug|x64.Build.0 = Debug|x64
		{E3F130CA-34B9-4452-BD94-B4B456CB219D}.Debug|x86.ActiveCfg = Debug|Win32
		{E3F130CA-34B9-4452-BD94-B4B456CB219D}.Debug|x86.Build.0 = Debug|Win32
		{E3F130CA-34B9-4452-BD94-B4B456CB219D}.Release|Any CPU.ActiveCfg = Release|Win32
		{E3F130CA-34B9-4452-BD94-B4B456CB219D}.Release|ARM.ActiveCfg = Release|Win32
		{E3F130CA-34B9-4452-BD94-B4B456CB219D}.Release|x64.ActiveCfg = Release|x64
		{E3F130CA-34B9-4452-BD94-B4B456CB219D}.Release|x64.Build.0 = Release|x64
		{E3F130CA-34B9-4452-BD94-B4B456CB219D}.Release|x86.ActiveCfg = Release|Win32
		{E3F130CA-34B9-4452-BD94-B4B456CB219D}.Release|x86.Build.0 = Release|Win32
		{6A0BEC93-7C7D-4000-8EC8-44E51190A59A}.Debug|Any CPU.ActiveCfg = Debug|Win32
		{6A0BEC93-7C7D-4000-8EC8-44E51190A59A}.Debug|ARM.ActiveCfg = Debug|Win32
		{6A0BEC93-7C7D-4000-8EC8-44E51190A59A}.Debug|x64.ActiveCfg = Debug|x64
		{6A0BEC93-7C7D-4000-8EC8-44E51190A59A}.Debug|x64.Build.0 = Debug|x64
		{6A0BEC93-7C7D-4000-8EC8-44E51190A59A}.Debug|x86.ActiveCfg = Debug|Win32
		{6A0BEC93-7C7D-4000-8EC8-44E51190A59A}.Debug|x86.Build.0 = Debug|Win32
		{6A0BEC93-7C7D-4000-8EC8-44E51190A59A}.Release|Any CPU.ActiveCfg = Release|Win32
		{6A0BEC93-7C7D-4000-8EC8-44E51190A59A}.Release|ARM.ActiveCfg = Release|Win32
		{6A0BEC93-7C7D-4000-8EC8-44E51190A59A}.Release|x64.ActiveCfg = Release|x64
		{6A0BEC93-7C7D-4000-8EC8-44E51190A59A}.Release|x64.Build.0 = Release|x64
		{6A0BEC93-7C7D-4000-8EC8-44E51190A59A}.Release|x86.ActiveCfg = Release|Win32
		{6A0BEC93-7C7D-4000-8EC8-44E51190A59A}.Release|x86.Build.0 = Release|Win32
		{D0B6B582-5956-4E57-BD1B-7E8EDD4D47F8}.Debug|Any CPU.ActiveCfg = Debug|Win32
		{D0B6B582-5956-4E57-BD1B-7E8EDD4D47F8}.Debug|ARM.ActiveCfg = Debug|Win32
		{D0B6B582-5956-4E57-BD1B-7E8EDD4D47F8}.Debug|x64.ActiveCfg = Debug|x64
		{D0B6B582-5956-4E57-BD1B-7E8EDD4D47F8}.Debug|x64.Build.0 = Debug|x64
		{D0B6B582-5956-4E57-BD1B-7E8EDD4D47F8}.Debug|x86.ActiveCfg = Debug|Win32
		{D0B6B582-5956-4E57-BD1B-7E8EDD4D47F8}.Debug|x86.Build.0 = Debug|Win32
		{D0B6B582-5956-4E57-BD1B-7E8EDD4D47F8}.Release|Any CPU.ActiveCfg = Release|Win32
		{D0B6B582-5956-4E57-BD1B-7E8EDD4D47F8}.Release|ARM.ActiveCfg = Release|Win32
		{D0B6B582-5956-4E57-BD1B-7E8EDD4D47F8}.Release|x64.ActiveCfg = Release|x64
		{D0B6B582-5956-4E57-BD1B-7E8EDD4D47F8}.Release|x64.Build.0 = Release|x64
		{D0B6B582-5956-4E57-BD1B-7E8EDD4D47F8}.Release|x86.ActiveCfg = Release|Win32
		{D0B6B582-5956-4E57-BD1B-7E8EDD4D47F8}.Release|x86.Build.0 = Release|Win32
		{1C01809A-A969-433A-BD93-CB330496311B}.Debug|Any CPU.ActiveCfg = Debug|Win32
		{1C01809A-A969-433A-BD93-CB330496311B}.Debug|ARM.ActiveCfg = Debug|Win32
		{1C01809A-A969-433A-BD93-CB330496311B}.Debug|x64.ActiveCfg = Debug|x64
		{1C01809A-A969-433A-BD93-CB330496311B}.Debug|x64.Build.0 = Debug|x64
		{1C01809A-A969-433A-BD93-CB330496311B}.Debug|x86.ActiveCfg = Debug|Win32
		{1C01809A-A969-433A-BD93-CB330496311B}.Debug|x86.Build.0 = Debug|Win32
		{1C01809A-A969-433A-BD93-CB330496311B}.Release|Any CPU.ActiveCfg = Release|Win32
		{1C01809A-A969-433A-BD93-CB330496311B}.Release|ARM.ActiveCfg = Release|Win32
		{1C01809A-A969-433A-BD93-CB330496311B}.Release|x64.ActiveCfg = Release|x64
		{1C01809A-A969-433A-BD93-CB330496311B}.Release|x64.Build.0 = Release|x64
		{1C01809A-A969-433A-BD93-CB330496311B}.Release|x86.ActiveCfg = Release|Win32
		{1C01809A-A969-433A-BD93-CB330496311B}.Release|x86.Build.0 = Release|Win32
		{A1BD9B45-0864-4497-B8E8-163F711031EB}.Debug|Any CPU.ActiveCfg = Debug|Win32
		{A1BD9B45-0864-4497-B8E8-163F711031EB}.Debug|ARM.ActiveCfg = Debug|Win32
		{A1BD9B45-0864-4497-B8E8-163F711031EB}.Debug|x64.ActiveCfg = Debug|x64
		{A1BD9B45-0864-4497-B8E8-163F711031EB}.Debug|x64.Build.0 = Debug|x64
		{A1BD9B45-0864-4497-B8E8-163F711031EB}.Debug|x86.ActiveCfg = Debug|Win32
		{A1BD9B45-0864-4497-B8E8-163F711031EB}.Debug|x86.Build.0 = Debug|Win32
		{A1BD9B45-0864-4497-B8E8-163F711031EB}.Release|Any CPU.ActiveCfg = Release|Win32
		{A1BD9B45-0864-4497-B8E8-163F711031EB}.Release|ARM.ActiveCfg = Release|Win32
		{A1BD9B45-0864-4497-B8E8-163F711031EB}.Release|x64.ActiveCfg = Release|x64
		{A1BD9B45-0864-4497-B8E8-163F711031EB}.Release|x64.Build.0 = Release|x64
		{A1BD9B45-0864-4497-B8E8-163F711031EB}.Release|x86.ActiveCfg = Release|Win32
		{A1BD9B45-0864-4497-B8E8-163F711031EB}.Release|x86.Build.0 = Release|Win32
		{D2013AAB-8279-49D2-902C-75E5703DFD93}.Debug|Any CPU.ActiveCfg = Debug|Win32
		{D2013AAB-8279-49D2-902C-75E5703DFD93}.Debug|ARM.ActiveCfg = Debug|Win32
		{D2013AAB-8279-49D2-902C-75E5703DFD93}.Debug|x64.ActiveCfg = Debug|x64
		{D2013AAB-8279-49D2-902C-75E5703DFD93}.Debug|x64.Build.0 = Debug|x64
		{D2013AAB-8279-49D2-902C-75E5703DFD93}.Debug|x86.ActiveCfg = Debug|Win32
		{D2013AAB-8279-49D2-902C-75E5703DFD93}.Debug|x86.Build.0 = Debug|Win32
		{D2013AAB-8279-49D2-902C-75E5703DFD93}.Release|Any CPU.ActiveCfg = Release|Win32
		{D2013AAB-8279-49D2-902C-75E5703DFD93}.Release|ARM.ActiveCfg = Release|Win32
		{D2013AAB-8279-49D2-902C-75E5703DFD93}.Release|x64.ActiveCfg = Release|x64
		{D2013AAB-8279-49D2-902C-75E5703DFD93}.Release|x64.Build.0 = Release|x64
		{D2013AAB-8279-49D2-902C-75E5703DFD93}.Release|x86.ActiveCfg = Release|Win32
		{D2013AAB-8279-49D2-902C-75E5703DFD93}.Release|x86.Build.0 = Release|Win32
		{611396E8-8104-4783-B658-EA6B7CF38780}.Debug|Any CPU.ActiveCfg = Debug|Win32
		{611396E8-8104-4783-B658-EA6B7CF38780}.Debug|ARM.ActiveCfg = Debug|Win32
		{611396E8-8104-4783-B658-EA6B7CF38780}.Debug|x64.ActiveCfg = Debug|x64
		{611396E8-8104-4783-B658-EA6B7CF38780}.Debug|x64.Build.0 = Debug|x64
		{611396E8-8104-4783-B658-EA6B7CF38780}.Debug|x86.ActiveCfg = Debug|Win32
		{611396E8-8104-4783-B658-EA6B7CF38780}.Debug|x86.Build.0 = Debug|Win32
		{611396E8-8104-4783-B658-EA6B7CF38780}.Release|Any CPU.ActiveCfg = Release|Win32
		{611396E8-8104-4783-B658-EA6B7CF38780}.Release|ARM.ActiveCfg = Release|Win32
		{611396E8-8104-4783-B658-EA6B7CF38780}.Release|x64.ActiveCfg = Release|x64
		{611396E8-8104-4783-B658-EA6B7CF38780}.Release|x64.Build.0 = Release|x64
		{611396E8-8104-4783-B658-EA6B7CF38780}.Release|x86.ActiveCfg = Release|Win32
		{611396E8-8104-4783-B658-EA6B7CF38780}.Release|x86.Build.0 = Release|Win32
		{C99DF933-3050-4670-AA87-5819142B98EE}.Debug|Any CPU.ActiveCfg = Debug|Win32
		{C99DF933-3050-4670-AA87-5819142B98EE}.Debug|ARM.ActiveCfg = Debug|Win32
		{C99DF933-3050-4670-AA87-5819142B98EE}.Debug|x64.ActiveCfg = Debug|x64
		{C99DF933-3050-4670-AA87-5819142B98EE}.Debug|x64.Build.0 = Debug|x64
		{C99DF933-3050-4670-AA87-5819142B98EE}.Debug|x86.ActiveCfg = Debug|Win32
		{C99DF933-3050-4670-AA87-5819142B98EE}.Debug|x86.Build.0 = Debug|Win32
		{C99DF933-3050-4670-AA87-5819142B98EE}.Release|Any CPU.ActiveCfg = Release|Win32
		{C99DF933-3050-4670-AA87-5819142B98EE}.Release|ARM.ActiveCfg = Release|Win32
		{C99DF933-3050-4670-AA87-5819142B98EE}.Release|x64.ActiveCfg = Release|x64
		{C99DF933-3050-4670-AA87-5819142B98EE}.Release|x64.Build.0 = Release|x64
		{C99DF933-3050-4670-AA87-5819142B98EE}.Release|x86.ActiveCfg = Release|Win32
		{C99DF933-3050-4670-AA87-5819142B98EE}.Release|x86.Build.0 = Release|Win32
	EndGlobalSection
	GlobalSection(SolutionProperties) = preSolution
		HideSolutionNode = FALSE
	EndGlobalSection
	GlobalSection(NestedProjects) = preSolution
		{2B368F96-283D-4F1D-9B7A-79DED167A60E} = {5AA8B2E8-AEBB-4AD4-B639-8F38991DF078}
		{BFE2041A-CF7F-4167-931B-67BA42CF51C0} = {15BF8F42-DFE6-4DDD-8655-D81E9DF918B4}
		{36B8A53A-6795-4368-B0F8-E8F3E5FBF5FB} = {15BF8F42-DFE6-4DDD-8655-D81E9DF918B4}
		{BBF415B9-C5F1-4BB2-8A2F-6C058F6AD0E7} = {15BF8F42-DFE6-4DDD-8655-D81E9DF918B4}
		{153C0DDE-FE1F-4EB2-B3FE-1783CDF34CE6} = {6966CB8E-CD86-4C3C-A99D-E2C26B531D32}
		{C4651511-F20D-4F59-8600-10C119C42564} = {6966CB8E-CD86-4C3C-A99D-E2C26B531D32}
		{75554A62-7854-46CB-A89D-E4216BC4854D} = {6966CB8E-CD86-4C3C-A99D-E2C26B531D32}
		{CBFDA311-1D60-45B7-91A2-489B2D31CAC4} = {75554A62-7854-46CB-A89D-E4216BC4854D}
		{A794C01C-44F1-4186-A76D-7AC081CA0120} = {75554A62-7854-46CB-A89D-E4216BC4854D}
		{FBB94DF5-F81F-4070-99FF-4A9147AFE14F} = {75554A62-7854-46CB-A89D-E4216BC4854D}
		{B958CA84-EADA-4A19-A850-A6EEE9B5B842} = {15BF8F42-DFE6-4DDD-8655-D81E9DF918B4}
		{E3F130CA-34B9-4452-BD94-B4B456CB219D} = {15BF8F42-DFE6-4DDD-8655-D81E9DF918B4}
		{6A0BEC93-7C7D-4000-8EC8-44E51190A59A} = {41569D81-EADA-42C4-9548-223F0FB395AA}
		{D0B6B582-5956-4E57-BD1B-7E8EDD4D47F8} = {41569D81-EADA-42C4-9548-223F0FB395AA}
		{1C01809A-A969-433A-BD93-CB330496311B} = {41569D81-EADA-42C4-9548-223F0FB395AA}
		{A1BD9B45-0864-4497-B8E8-163F711031EB} = {41569D81-EADA-42C4-9548-223F0FB395AA}
		{D2013AAB-8279-49D2-902C-75E5703DFD93} = {41569D81-EADA-42C4-9548-223F0FB395AA}
		{611396E8-8104-4783-B658-EA6B7CF38780} = {41569D81-EADA-42C4-9548-223F0FB395AA}
	EndGlobalSection
	GlobalSection(ExtensibilityGlobals) = postSolution
		SolutionGuid = {DDDCC7A4-83E3-4338-B86F-CC3DF117AF1F}
	EndGlobalSection
EndGlobal
